
Microsoft Visual Studio Solution File, Format Version 12.00
# Visual Studio Version 17
VisualStudioVersion = 17.10.35027.167
MinimumVisualStudioVersion = 10.0.40219.1
Project("{FAE04EC0-301F-11D3-BF4B-00C04F79EFBC}") = "sql_DENEME", "sql_DENEME\sql_DENEME.csproj", "{F60BBD7C-5D6B-448B-AFB7-C3D93F88FA13}"
EndProject
Global
	GlobalSection(SolutionConfigurationPlatforms) = preSolution
		Debug|Any CPU = Debug|Any CPU
		Release|Any CPU = Release|Any CPU
	EndGlobalSection
	GlobalSection(ProjectConfigurationPlatforms) = postSolution
		{F60BBD7C-5D6B-448B-AFB7-C3D93F88FA13}.Debug|Any CPU.ActiveCfg = Debug|Any CPU
		{F60BBD7C-5D6B-448B-AFB7-C3D93F88FA13}.Debug|Any CPU.Build.0 = Debug|Any CPU
		{F60BBD7C-5D6B-448B-AFB7-C3D93F88FA13}.Release|Any CPU.ActiveCfg = Release|Any CPU
		{F60BBD7C-5D6B-448B-AFB7-C3D93F88FA13}.Release|Any CPU.Build.0 = Release|Any CPU
	EndGlobalSection
	GlobalSection(SolutionProperties) = preSolution
		HideSolutionNode = FALSE
	EndGlobalSection
	GlobalSection(ExtensibilityGlobals) = postSolution
		SolutionGuid = {476B6AA5-2B84-4267-93A9-A44A6900130D}
	EndGlobalSection
EndGlobal
